
Microsoft Visual Studio Solution File, Format Version 12.00
# Visual Studio Version 16
VisualStudioVersion = 16.0.31911.196
MinimumVisualStudioVersion = 10.0.40219.1
Project("{8BC9CEB8-8B4A-11D0-8D11-00A0C91BC942}") = "The Backrooms - 1991", "The Backrooms - 1991.vcxproj", "{E619605B-51B0-4075-8744-0095D12ED434}"
EndProject
Global
	GlobalSection(SolutionConfigurationPlatforms) = preSolution
		Debug|x64 = Debug|x64
		Debug|x86 = Debug|x86
		Release|x64 = Release|x64
		Release|x86 = Release|x86
	EndGlobalSection
	GlobalSection(ProjectConfigurationPlatforms) = postSolution
		{E619605B-51B0-4075-8744-0095D12ED434}.Debug|x64.ActiveCfg = Debug|x64
		{E619605B-51B0-4075-8744-0095D12ED434}.Debug|x64.Build.0 = Debug|x64
		{E619605B-51B0-4075-8744-0095D12ED434}.Debug|x86.ActiveCfg = Debug|Win32
		{E619605B-51B0-4075-8744-0095D12ED434}.Debug|x86.Build.0 = Debug|Win32
		{E619605B-51B0-4075-8744-0095D12ED434}.Release|x64.ActiveCfg = Release|x64
		{E619605B-51B0-4075-8744-0095D12ED434}.Release|x64.Build.0 = Release|x64
		{E619605B-51B0-4075-8744-0095D12ED434}.Release|x86.ActiveCfg = Release|Win32
		{E619605B-51B0-4075-8744-0095D12ED434}.Release|x86.Build.0 = Release|Win32
	EndGlobalSection
	GlobalSection(SolutionProperties) = preSolution
		HideSolutionNode = FALSE
	EndGlobalSection
	GlobalSection(ExtensibilityGlobals) = postSolution
		SolutionGuid = {CA35D9AD-8993-49F7-A35B-DBA19A1D4CF9}
	EndGlobalSection
EndGlobal
